
Microsoft Visual Studio Solution File, Format Version 12.00
# Visual Studio Version 16
VisualStudioVersion = 16.0.30114.105
MinimumVisualStudioVersion = 10.0.40219.1
Project("{FAE04EC0-301F-11D3-BF4B-00C04F79EFBC}") = "Contracts", "Contracts\Contracts.csproj", "{56150E97-DB01-4D51-940E-B317380E5318}"
EndProject
Project("{FAE04EC0-301F-11D3-BF4B-00C04F79EFBC}") = "Domain", "Domain\Domain.csproj", "{913D0A80-FB56-4C8B-9FA2-5294595618CF}"
EndProject
Project("{FAE04EC0-301F-11D3-BF4B-00C04F79EFBC}") = "Api", "Api\Api.csproj", "{EFB4B587-AB75-4C67-B848-9CAB7FB6B167}"
EndProject
Project("{FAE04EC0-301F-11D3-BF4B-00C04F79EFBC}") = "UnitTests", "UnitTests\UnitTests.csproj", "{57A27017-339F-406C-98D9-AD0B3957C59D}"
EndProject
Global
	GlobalSection(SolutionProperties) = preSolution
		HideSolutionNode = FALSE
	EndGlobalSection
	GlobalSection(SolutionConfigurationPlatforms) = preSolution
		Debug|Any CPU = Debug|Any CPU
		Debug|x64 = Debug|x64
		Debug|x86 = Debug|x86
		Release|Any CPU = Release|Any CPU
		Release|x64 = Release|x64
		Release|x86 = Release|x86
	EndGlobalSection
	GlobalSection(ProjectConfigurationPlatforms) = postSolution
		{56150E97-DB01-4D51-940E-B317380E5318}.Debug|Any CPU.ActiveCfg = Debug|Any CPU
		{56150E97-DB01-4D51-940E-B317380E5318}.Debug|Any CPU.Build.0 = Debug|Any CPU
		{56150E97-DB01-4D51-940E-B317380E5318}.Debug|x64.ActiveCfg = Debug|Any CPU
		{56150E97-DB01-4D51-940E-B317380E5318}.Debug|x64.Build.0 = Debug|Any CPU
		{56150E97-DB01-4D51-940E-B317380E5318}.Debug|x86.ActiveCfg = Debug|Any CPU
		{56150E97-DB01-4D51-940E-B317380E5318}.Debug|x86.Build.0 = Debug|Any CPU
		{56150E97-DB01-4D51-940E-B317380E5318}.Release|Any CPU.ActiveCfg = Release|Any CPU
		{56150E97-DB01-4D51-940E-B317380E5318}.Release|Any CPU.Build.0 = Release|Any CPU
		{56150E97-DB01-4D51-940E-B317380E5318}.Release|x64.ActiveCfg = Release|Any CPU
		{56150E97-DB01-4D51-940E-B317380E5318}.Release|x64.Build.0 = Release|Any CPU
		{56150E97-DB01-4D51-940E-B317380E5318}.Release|x86.ActiveCfg = Release|Any CPU
		{56150E97-DB01-4D51-940E-B317380E5318}.Release|x86.Build.0 = Release|Any CPU
		{913D0A80-FB56-4C8B-9FA2-5294595618CF}.Debug|Any CPU.ActiveCfg = Debug|Any CPU
		{913D0A80-FB56-4C8B-9FA2-5294595618CF}.Debug|Any CPU.Build.0 = Debug|Any CPU
		{913D0A80-FB56-4C8B-9FA2-5294595618CF}.Debug|x64.ActiveCfg = Debug|Any CPU
		{913D0A80-FB56-4C8B-9FA2-5294595618CF}.Debug|x64.Build.0 = Debug|Any CPU
		{913D0A80-FB56-4C8B-9FA2-5294595618CF}.Debug|x86.ActiveCfg = Debug|Any CPU
		{913D0A80-FB56-4C8B-9FA2-5294595618CF}.Debug|x86.Build.0 = Debug|Any CPU
		{913D0A80-FB56-4C8B-9FA2-5294595618CF}.Release|Any CPU.ActiveCfg = Release|Any CPU
		{913D0A80-FB56-4C8B-9FA2-5294595618CF}.Release|Any CPU.Build.0 = Release|Any CPU
		{913D0A80-FB56-4C8B-9FA2-5294595618CF}.Release|x64.ActiveCfg = Release|Any CPU
		{913D0A80-FB56-4C8B-9FA2-5294595618CF}.Release|x64.Build.0 = Release|Any CPU
		{913D0A80-FB56-4C8B-9FA2-5294595618CF}.Release|x86.ActiveCfg = Release|Any CPU
		{913D0A80-FB56-4C8B-9FA2-5294595618CF}.Release|x86.Build.0 = Release|Any CPU
		{EFB4B587-AB75-4C67-B848-9CAB7FB6B167}.Debug|Any CPU.ActiveCfg = Debug|Any CPU
		{EFB4B587-AB75-4C67-B848-9CAB7FB6B167}.Debug|Any CPU.Build.0 = Debug|Any CPU
		{EFB4B587-AB75-4C67-B848-9CAB7FB6B167}.Debug|x64.ActiveCfg = Debug|Any CPU
		{EFB4B587-AB75-4C67-B848-9CAB7FB6B167}.Debug|x64.Build.0 = Debug|Any CPU
		{EFB4B587-AB75-4C67-B848-9CAB7FB6B167}.Debug|x86.ActiveCfg = Debug|Any CPU
		{EFB4B587-AB75-4C67-B848-9CAB7FB6B167}.Debug|x86.Build.0 = Debug|Any CPU
		{EFB4B587-AB75-4C67-B848-9CAB7FB6B167}.Release|Any CPU.ActiveCfg = Release|Any CPU
		{EFB4B587-AB75-4C67-B848-9CAB7FB6B167}.Release|Any CPU.Build.0 = Release|Any CPU
		{EFB4B587-AB75-4C67-B848-9CAB7FB6B167}.Release|x64.ActiveCfg = Release|Any CPU
		{EFB4B587-AB75-4C67-B848-9CAB7FB6B167}.Release|x64.Build.0 = Release|Any CPU
		{EFB4B587-AB75-4C67-B848-9CAB7FB6B167}.Release|x86.ActiveCfg = Release|Any CPU
		{EFB4B587-AB75-4C67-B848-9CAB7FB6B167}.Release|x86.Build.0 = Release|Any CPU
		{57A27017-339F-406C-98D9-AD0B3957C59D}.Debug|Any CPU.ActiveCfg = Debug|Any CPU
		{57A27017-339F-406C-98D9-AD0B3957C59D}.Debug|Any CPU.Build.0 = Debug|Any CPU
		{57A27017-339F-406C-98D9-AD0B3957C59D}.Debug|x64.ActiveCfg = Debug|Any CPU
		{57A27017-339F-406C-98D9-AD0B3957C59D}.Debug|x64.Build.0 = Debug|Any CPU
		{57A27017-339F-406C-98D9-AD0B3957C59D}.Debug|x86.ActiveCfg = Debug|Any CPU
		{57A27017-339F-406C-98D9-AD0B3957C59D}.Debug|x86.Build.0 = Debug|Any CPU
		{57A27017-339F-406C-98D9-AD0B3957C59D}.Release|Any CPU.ActiveCfg = Release|Any CPU
		{57A27017-339F-406C-98D9-AD0B3957C59D}.Release|Any CPU.Build.0 = Release|Any CPU
		{57A27017-339F-406C-98D9-AD0B3957C59D}.Release|x64.ActiveCfg = Release|Any CPU
		{57A27017-339F-406C-98D9-AD0B3957C59D}.Release|x64.Build.0 = Release|Any CPU
		{57A27017-339F-406C-98D9-AD0B3957C59D}.Release|x86.ActiveCfg = Release|Any CPU
		{57A27017-339F-406C-98D9-AD0B3957C59D}.Release|x86.Build.0 = Release|Any CPU
	EndGlobalSection
EndGlobal
